
Microsoft Visual Studio Solution File, Format Version 12.00
# Visual Studio Version 16
VisualStudioVersion = 16.0.29123.88
MinimumVisualStudioVersion = 10.0.40219.1
Project("{FAE04EC0-301F-11D3-BF4B-00C04F79EFBC}") = "CW2", "CW2\CW2.csproj", "{B464D64D-C5F6-4408-9DA8-EE601D0C3379}"
EndProject
Global
	GlobalSection(SolutionConfigurationPlatforms) = preSolution
		Debug|Any CPU = Debug|Any CPU
		Release|Any CPU = Release|Any CPU
	EndGlobalSection
	GlobalSection(ProjectConfigurationPlatforms) = postSolution
		{B464D64D-C5F6-4408-9DA8-EE601D0C3379}.Debug|Any CPU.ActiveCfg = Debug|Any CPU
		{B464D64D-C5F6-4408-9DA8-EE601D0C3379}.Debug|Any CPU.Build.0 = Debug|Any CPU
		{B464D64D-C5F6-4408-9DA8-EE601D0C3379}.Release|Any CPU.ActiveCfg = Release|Any CPU
		{B464D64D-C5F6-4408-9DA8-EE601D0C3379}.Release|Any CPU.Build.0 = Release|Any CPU
	EndGlobalSection
	GlobalSection(SolutionProperties) = preSolution
		HideSolutionNode = FALSE
	EndGlobalSection
	GlobalSection(ExtensibilityGlobals) = postSolution
		SolutionGuid = {F433DA89-DE8C-4087-99A2-05CE84A16A41}
	EndGlobalSection
EndGlobal
